
Microsoft Visual Studio Solution File, Format Version 12.00
# Visual Studio Version 16
VisualStudioVersion = 16.0.29409.12
MinimumVisualStudioVersion = 10.0.40219.1
Project("{8BC9CEB8-8B4A-11D0-8D11-00A0C91BC942}") = "My18", "My18.vcxproj", "{2E05478B-1169-4B3C-A2C7-7E92DE675B9C}"
EndProject
Global
	GlobalSection(SolutionConfigurationPlatforms) = preSolution
		Debug|x64 = Debug|x64
		Debug|x86 = Debug|x86
		Release|x64 = Release|x64
		Release|x86 = Release|x86
	EndGlobalSection
	GlobalSection(ProjectConfigurationPlatforms) = postSolution
		{2E05478B-1169-4B3C-A2C7-7E92DE675B9C}.Debug|x64.ActiveCfg = Debug|x64
		{2E05478B-1169-4B3C-A2C7-7E92DE675B9C}.Debug|x64.Build.0 = Debug|x64
		{2E05478B-1169-4B3C-A2C7-7E92DE675B9C}.Debug|x86.ActiveCfg = Debug|Win32
		{2E05478B-1169-4B3C-A2C7-7E92DE675B9C}.Debug|x86.Build.0 = Debug|Win32
		{2E05478B-1169-4B3C-A2C7-7E92DE675B9C}.Release|x64.ActiveCfg = Release|x64
		{2E05478B-1169-4B3C-A2C7-7E92DE675B9C}.Release|x64.Build.0 = Release|x64
		{2E05478B-1169-4B3C-A2C7-7E92DE675B9C}.Release|x86.ActiveCfg = Release|Win32
		{2E05478B-1169-4B3C-A2C7-7E92DE675B9C}.Release|x86.Build.0 = Release|Win32
	EndGlobalSection
	GlobalSection(SolutionProperties) = preSolution
		HideSolutionNode = FALSE
	EndGlobalSection
	GlobalSection(ExtensibilityGlobals) = postSolution
		SolutionGuid = {03F9077B-7781-4F81-90C2-F8EF6D6DDE12}
	EndGlobalSection
EndGlobal
